// !$*UTF8*$!
{
	archiveVersion = 1;
	classes = {
	};
	objectVersion = 50;
	objects = {

/* Begin PBXBuildFile section */
		B309B5DD24EC7A7F000C971D /* RoundManager.swift in Sources */ = {isa = PBXBuildFile; fileRef = B309B5DC24EC7A7F000C971D /* RoundManager.swift */; };
		B309B5DF24EC8029000C971D /* Respiration.swift in Sources */ = {isa = PBXBuildFile; fileRef = B309B5DE24EC8029000C971D /* Respiration.swift */; };
		B309B5E124EC804C000C971D /* Round.swift in Sources */ = {isa = PBXBuildFile; fileRef = B309B5E024EC804C000C971D /* Round.swift */; };
		B3C06E5024EEF02D0033B529 /* respiraTests.swift in Sources */ = {isa = PBXBuildFile; fileRef = B3C06E4F24EEF02D0033B529 /* respiraTests.swift */; };
		B3C06E5824EEF0650033B529 /* RoundManagerTests.swift in Sources */ = {isa = PBXBuildFile; fileRef = B3C06E5724EEF0650033B529 /* RoundManagerTests.swift */; };
		B3D52BF824773A5600458A8A /* AppDelegate.swift in Sources */ = {isa = PBXBuildFile; fileRef = B3D52BF724773A5600458A8A /* AppDelegate.swift */; };
		B3D52BFA24773A5600458A8A /* SceneDelegate.swift in Sources */ = {isa = PBXBuildFile; fileRef = B3D52BF924773A5600458A8A /* SceneDelegate.swift */; };
		B3D52BFC24773A5600458A8A /* ViewController.swift in Sources */ = {isa = PBXBuildFile; fileRef = B3D52BFB24773A5600458A8A /* ViewController.swift */; };
		B3D52BFF24773A5600458A8A /* Main.storyboard in Resources */ = {isa = PBXBuildFile; fileRef = B3D52BFD24773A5600458A8A /* Main.storyboard */; };
		B3D52C0224773A5600458A8A /* circle.xcdatamodeld in Sources */ = {isa = PBXBuildFile; fileRef = B3D52C0024773A5600458A8A /* circle.xcdatamodeld */; };
		B3D52C0424773A5B00458A8A /* Assets.xcassets in Resources */ = {isa = PBXBuildFile; fileRef = B3D52C0324773A5B00458A8A /* Assets.xcassets */; };
		B3D52C0724773A5B00458A8A /* LaunchScreen.storyboard in Resources */ = {isa = PBXBuildFile; fileRef = B3D52C0524773A5B00458A8A /* LaunchScreen.storyboard */; };
/* End PBXBuildFile section */

/* Begin PBXContainerItemProxy section */
		B3C06E5224EEF02D0033B529 /* PBXContainerItemProxy */ = {
			isa = PBXContainerItemProxy;
			containerPortal = B3D52BEC24773A5600458A8A /* Project object */;
			proxyType = 1;
			remoteGlobalIDString = B3D52BF324773A5600458A8A;
			remoteInfo = respira;
		};
/* End PBXContainerItemProxy section */

/* Begin PBXFileReference section */
		B309B5DC24EC7A7F000C971D /* RoundManager.swift */ = {isa = PBXFileReference; lastKnownFileType = sourcecode.swift; path = RoundManager.swift; sourceTree = "<group>"; };
		B309B5DE24EC8029000C971D /* Respiration.swift */ = {isa = PBXFileReference; lastKnownFileType = sourcecode.swift; path = Respiration.swift; sourceTree = "<group>"; };
		B309B5E024EC804C000C971D /* Round.swift */ = {isa = PBXFileReference; lastKnownFileType = sourcecode.swift; path = Round.swift; sourceTree = "<group>"; };
		B3C06E4D24EEF02D0033B529 /* respiraTests.xctest */ = {isa = PBXFileReference; explicitFileType = wrapper.cfbundle; includeInIndex = 0; path = respiraTests.xctest; sourceTree = BUILT_PRODUCTS_DIR; };
		B3C06E4F24EEF02D0033B529 /* respiraTests.swift */ = {isa = PBXFileReference; lastKnownFileType = sourcecode.swift; path = respiraTests.swift; sourceTree = "<group>"; };
		B3C06E5124EEF02D0033B529 /* Info.plist */ = {isa = PBXFileReference; lastKnownFileType = text.plist.xml; path = Info.plist; sourceTree = "<group>"; };
		B3C06E5724EEF0650033B529 /* RoundManagerTests.swift */ = {isa = PBXFileReference; lastKnownFileType = sourcecode.swift; path = RoundManagerTests.swift; sourceTree = "<group>"; };
		B3D52BF424773A5600458A8A /* respira.app */ = {isa = PBXFileReference; explicitFileType = wrapper.application; includeInIndex = 0; path = respira.app; sourceTree = BUILT_PRODUCTS_DIR; };
		B3D52BF724773A5600458A8A /* AppDelegate.swift */ = {isa = PBXFileReference; lastKnownFileType = sourcecode.swift; path = AppDelegate.swift; sourceTree = "<group>"; };
		B3D52BF924773A5600458A8A /* SceneDelegate.swift */ = {isa = PBXFileReference; lastKnownFileType = sourcecode.swift; path = SceneDelegate.swift; sourceTree = "<group>"; };
		B3D52BFB24773A5600458A8A /* ViewController.swift */ = {isa = PBXFileReference; lastKnownFileType = sourcecode.swift; path = ViewController.swift; sourceTree = "<group>"; };
		B3D52BFE24773A5600458A8A /* Base */ = {isa = PBXFileReference; lastKnownFileType = file.storyboard; name = Base; path = Base.lproj/Main.storyboard; sourceTree = "<group>"; };
		B3D52C0124773A5600458A8A /* circle.xcdatamodel */ = {isa = PBXFileReference; lastKnownFileType = wrapper.xcdatamodel; path = circle.xcdatamodel; sourceTree = "<group>"; };
		B3D52C0324773A5B00458A8A /* Assets.xcassets */ = {isa = PBXFileReference; lastKnownFileType = folder.assetcatalog; path = Assets.xcassets; sourceTree = "<group>"; };
		B3D52C0624773A5B00458A8A /* Base */ = {isa = PBXFileReference; lastKnownFileType = file.storyboard; name = Base; path = Base.lproj/LaunchScreen.storyboard; sourceTree = "<group>"; };
		B3D52C0824773A5B00458A8A /* Info.plist */ = {isa = PBXFileReference; lastKnownFileType = text.plist.xml; path = Info.plist; sourceTree = "<group>"; };
/* End PBXFileReference section */

/* Begin PBXFrameworksBuildPhase section */
		B3C06E4A24EEF02D0033B529 /* Frameworks */ = {
			isa = PBXFrameworksBuildPhase;
			buildActionMask = 2147483647;
			files = (
			);
			runOnlyForDeploymentPostprocessing = 0;
		};
		B3D52BF124773A5600458A8A /* Frameworks */ = {
			isa = PBXFrameworksBuildPhase;
			buildActionMask = 2147483647;
			files = (
			);
			runOnlyForDeploymentPostprocessing = 0;
		};
/* End PBXFrameworksBuildPhase section */

/* Begin PBXGroup section */
		B3C06E4624EDA4700033B529 /* Model */ = {
			isa = PBXGroup;
			children = (
				B309B5DE24EC8029000C971D /* Respiration.swift */,
				B309B5E024EC804C000C971D /* Round.swift */,
			);
			path = Model;
			sourceTree = "<group>";
		};
		B3C06E4E24EEF02D0033B529 /* respiraTests */ = {
			isa = PBXGroup;
			children = (
				B3C06E4F24EEF02D0033B529 /* respiraTests.swift */,
				B3C06E5124EEF02D0033B529 /* Info.plist */,
				B3C06E5724EEF0650033B529 /* RoundManagerTests.swift */,
			);
			path = respiraTests;
			sourceTree = "<group>";
		};
		B3D52BEB24773A5600458A8A = {
			isa = PBXGroup;
			children = (
				B3D52BF624773A5600458A8A /* circle */,
				B3C06E4E24EEF02D0033B529 /* respiraTests */,
				B3D52BF524773A5600458A8A /* Products */,
			);
			sourceTree = "<group>";
		};
		B3D52BF524773A5600458A8A /* Products */ = {
			isa = PBXGroup;
			children = (
				B3D52BF424773A5600458A8A /* respira.app */,
				B3C06E4D24EEF02D0033B529 /* respiraTests.xctest */,
			);
			name = Products;
			sourceTree = "<group>";
		};
		B3D52BF624773A5600458A8A /* circle */ = {
			isa = PBXGroup;
			children = (
				B3D52BF724773A5600458A8A /* AppDelegate.swift */,
				B3D52BF924773A5600458A8A /* SceneDelegate.swift */,
				B3C06E4624EDA4700033B529 /* Model */,
				B3D52BFB24773A5600458A8A /* ViewController.swift */,
				B309B5DC24EC7A7F000C971D /* RoundManager.swift */,
				B3D52BFD24773A5600458A8A /* Main.storyboard */,
				B3D52C0324773A5B00458A8A /* Assets.xcassets */,
				B3D52C0524773A5B00458A8A /* LaunchScreen.storyboard */,
				B3D52C0824773A5B00458A8A /* Info.plist */,
				B3D52C0024773A5600458A8A /* circle.xcdatamodeld */,
			);
			path = circle;
			sourceTree = "<group>";
		};
/* End PBXGroup section */

/* Begin PBXNativeTarget section */
		B3C06E4C24EEF02D0033B529 /* respiraTests */ = {
			isa = PBXNativeTarget;
			buildConfigurationList = B3C06E5424EEF02D0033B529 /* Build configuration list for PBXNativeTarget "respiraTests" */;
			buildPhases = (
				B3C06E4924EEF02D0033B529 /* Sources */,
				B3C06E4A24EEF02D0033B529 /* Frameworks */,
				B3C06E4B24EEF02D0033B529 /* Resources */,
			);
			buildRules = (
			);
			dependencies = (
				B3C06E5324EEF02D0033B529 /* PBXTargetDependency */,
			);
			name = respiraTests;
			productName = respiraTests;
			productReference = B3C06E4D24EEF02D0033B529 /* respiraTests.xctest */;
			productType = "com.apple.product-type.bundle.unit-test";
		};
		B3D52BF324773A5600458A8A /* respira */ = {
			isa = PBXNativeTarget;
			buildConfigurationList = B3D52C0B24773A5B00458A8A /* Build configuration list for PBXNativeTarget "respira" */;
			buildPhases = (
				B3D52BF024773A5600458A8A /* Sources */,
				B3D52BF124773A5600458A8A /* Frameworks */,
				B3D52BF224773A5600458A8A /* Resources */,
			);
			buildRules = (
			);
			dependencies = (
			);
			name = respira;
			productName = circle;
			productReference = B3D52BF424773A5600458A8A /* respira.app */;
			productType = "com.apple.product-type.application";
		};
/* End PBXNativeTarget section */

/* Begin PBXProject section */
		B3D52BEC24773A5600458A8A /* Project object */ = {
			isa = PBXProject;
			attributes = {
				LastSwiftUpdateCheck = 1160;
				LastUpgradeCheck = 1140;
				ORGANIZATIONNAME = "Beatriz Viseu Linhares";
				TargetAttributes = {
					B3C06E4C24EEF02D0033B529 = {
						CreatedOnToolsVersion = 11.6;
						TestTargetID = B3D52BF324773A5600458A8A;
					};
					B3D52BF324773A5600458A8A = {
						CreatedOnToolsVersion = 11.4.1;
					};
				};
			};
			buildConfigurationList = B3D52BEF24773A5600458A8A /* Build configuration list for PBXProject "respira" */;
			compatibilityVersion = "Xcode 9.3";
			developmentRegion = en;
			hasScannedForEncodings = 0;
			knownRegions = (
				en,
				Base,
			);
			mainGroup = B3D52BEB24773A5600458A8A;
			productRefGroup = B3D52BF524773A5600458A8A /* Products */;
			projectDirPath = "";
			projectRoot = "";
			targets = (
				B3D52BF324773A5600458A8A /* respira */,
				B3C06E4C24EEF02D0033B529 /* respiraTests */,
			);
		};
/* End PBXProject section */

/* Begin PBXResourcesBuildPhase section */
		B3C06E4B24EEF02D0033B529 /* Resources */ = {
			isa = PBXResourcesBuildPhase;
			buildActionMask = 2147483647;
			files = (
			);
			runOnlyForDeploymentPostprocessing = 0;
		};
		B3D52BF224773A5600458A8A /* Resources */ = {
			isa = PBXResourcesBuildPhase;
			buildActionMask = 2147483647;
			files = (
				B3D52C0724773A5B00458A8A /* LaunchScreen.storyboard in Resources */,
				B3D52C0424773A5B00458A8A /* Assets.xcassets in Resources */,
				B3D52BFF24773A5600458A8A /* Main.storyboard in Resources */,
			);
			runOnlyForDeploymentPostprocessing = 0;
		};
/* End PBXResourcesBuildPhase section */

/* Begin PBXSourcesBuildPhase section */
		B3C06E4924EEF02D0033B529 /* Sources */ = {
			isa = PBXSourcesBuildPhase;
			buildActionMask = 2147483647;
			files = (
				B3C06E5824EEF0650033B529 /* RoundManagerTests.swift in Sources */,
				B3C06E5024EEF02D0033B529 /* respiraTests.swift in Sources */,
			);
			runOnlyForDeploymentPostprocessing = 0;
		};
		B3D52BF024773A5600458A8A /* Sources */ = {
			isa = PBXSourcesBuildPhase;
			buildActionMask = 2147483647;
			files = (
				B309B5DF24EC8029000C971D /* Respiration.swift in Sources */,
				B3D52BFC24773A5600458A8A /* ViewController.swift in Sources */,
				B309B5DD24EC7A7F000C971D /* RoundManager.swift in Sources */,
				B3D52C0224773A5600458A8A /* circle.xcdatamodeld in Sources */,
				B3D52BF824773A5600458A8A /* AppDelegate.swift in Sources */,
				B309B5E124EC804C000C971D /* Round.swift in Sources */,
				B3D52BFA24773A5600458A8A /* SceneDelegate.swift in Sources */,
			);
			runOnlyForDeploymentPostprocessing = 0;
		};
/* End PBXSourcesBuildPhase section */

/* Begin PBXTargetDependency section */
		B3C06E5324EEF02D0033B529 /* PBXTargetDependency */ = {
			isa = PBXTargetDependency;
			target = B3D52BF324773A5600458A8A /* respira */;
			targetProxy = B3C06E5224EEF02D0033B529 /* PBXContainerItemProxy */;
		};
/* End PBXTargetDependency section */

/* Begin PBXVariantGroup section */
		B3D52BFD24773A5600458A8A /* Main.storyboard */ = {
			isa = PBXVariantGroup;
			children = (
				B3D52BFE24773A5600458A8A /* Base */,
			);
			name = Main.storyboard;
			sourceTree = "<group>";
		};
		B3D52C0524773A5B00458A8A /* LaunchScreen.storyboard */ = {
			isa = PBXVariantGroup;
			children = (
				B3D52C0624773A5B00458A8A /* Base */,
			);
			name = LaunchScreen.storyboard;
			sourceTree = "<group>";
		};
/* End PBXVariantGroup section */

/* Begin XCBuildConfiguration section */
		B3C06E5524EEF02D0033B529 /* Debug */ = {
			isa = XCBuildConfiguration;
			buildSettings = {
				BUNDLE_LOADER = "$(TEST_HOST)";
				CODE_SIGN_STYLE = Automatic;
				DEVELOPMENT_TEAM = 2M7ZQ8AZ57;
				INFOPLIST_FILE = respiraTests/Info.plist;
				IPHONEOS_DEPLOYMENT_TARGET = 13.6;
				LD_RUNPATH_SEARCH_PATHS = (
					"$(inherited)",
					"@executable_path/Frameworks",
					"@loader_path/Frameworks",
				);
				PRODUCT_BUNDLE_IDENTIFIER = bivilin.respiraTests;
				PRODUCT_NAME = "$(TARGET_NAME)";
				SWIFT_VERSION = 5.0;
				TARGETED_DEVICE_FAMILY = "1,2";
				TEST_HOST = "$(BUILT_PRODUCTS_DIR)/respira.app/respira";
			};
			name = Debug;
		};
		B3C06E5624EEF02D0033B529 /* Release */ = {
			isa = XCBuildConfiguration;
			buildSettings = {
				BUNDLE_LOADER = "$(TEST_HOST)";
				CODE_SIGN_STYLE = Automatic;
				DEVELOPMENT_TEAM = 2M7ZQ8AZ57;
				INFOPLIST_FILE = respiraTests/Info.plist;
				IPHONEOS_DEPLOYMENT_TARGET = 13.6;
				LD_RUNPATH_SEARCH_PATHS = (
					"$(inherited)",
					"@executable_path/Frameworks",
					"@loader_path/Frameworks",
				);
				PRODUCT_BUNDLE_IDENTIFIER = bivilin.respiraTests;
				PRODUCT_NAME = "$(TARGET_NAME)";
				SWIFT_VERSION = 5.0;
				TARGETED_DEVICE_FAMILY = "1,2";
				TEST_HOST = "$(BUILT_PRODUCTS_DIR)/respira.app/respira";
			};
			name = Release;
		};
		B3D52C0924773A5B00458A8A /* Debug */ = {
			isa = XCBuildConfiguration;
			buildSettings = {
				ALWAYS_SEARCH_USER_PATHS = NO;
				CLANG_ANALYZER_NONNULL = YES;
				CLANG_ANALYZER_NUMBER_OBJECT_CONVERSION = YES_AGGRESSIVE;
				CLANG_CXX_LANGUAGE_STANDARD = "gnu++14";
				CLANG_CXX_LIBRARY = "libc++";
				CLANG_ENABLE_MODULES = YES;
				CLANG_ENABLE_OBJC_ARC = YES;
				CLANG_ENABLE_OBJC_WEAK = YES;
				CLANG_WARN_BLOCK_CAPTURE_AUTORELEASING = YES;
				CLANG_WARN_BOOL_CONVERSION = YES;
				CLANG_WARN_COMMA = YES;
				CLANG_WARN_CONSTANT_CONVERSION = YES;
				CLANG_WARN_DEPRECATED_OBJC_IMPLEMENTATIONS = YES;
				CLANG_WARN_DIRECT_OBJC_ISA_USAGE = YES_ERROR;
				CLANG_WARN_DOCUMENTATION_COMMENTS = YES;
				CLANG_WARN_EMPTY_BODY = YES;
				CLANG_WARN_ENUM_CONVERSION = YES;
				CLANG_WARN_INFINITE_RECURSION = YES;
				CLANG_WARN_INT_CONVERSION = YES;
				CLANG_WARN_NON_LITERAL_NULL_CONVERSION = YES;
				CLANG_WARN_OBJC_IMPLICIT_RETAIN_SELF = YES;
				CLANG_WARN_OBJC_LITERAL_CONVERSION = YES;
				CLANG_WARN_OBJC_ROOT_CLASS = YES_ERROR;
				CLANG_WARN_RANGE_LOOP_ANALYSIS = YES;
				CLANG_WARN_STRICT_PROTOTYPES = YES;
				CLANG_WARN_SUSPICIOUS_MOVE = YES;
				CLANG_WARN_UNGUARDED_AVAILABILITY = YES_AGGRESSIVE;
				CLANG_WARN_UNREACHABLE_CODE = YES;
				CLANG_WARN__DUPLICATE_METHOD_MATCH = YES;
				COPY_PHASE_STRIP = NO;
				DEBUG_INFORMATION_FORMAT = dwarf;
				ENABLE_STRICT_OBJC_MSGSEND = YES;
				ENABLE_TESTABILITY = YES;
				GCC_C_LANGUAGE_STANDARD = gnu11;
				GCC_DYNAMIC_NO_PIC = NO;
				GCC_NO_COMMON_BLOCKS = YES;
				GCC_OPTIMIZATION_LEVEL = 0;
				GCC_PREPROCESSOR_DEFINITIONS = (
					"DEBUG=1",
					"$(inherited)",
				);
				GCC_WARN_64_TO_32_BIT_CONVERSION = YES;
				GCC_WARN_ABOUT_RETURN_TYPE = YES_ERROR;
				GCC_WARN_UNDECLARED_SELECTOR = YES;
				GCC_WARN_UNINITIALIZED_AUTOS = YES_AGGRESSIVE;
				GCC_WARN_UNUSED_FUNCTION = YES;
				GCC_WARN_UNUSED_VARIABLE = YES;
				IPHONEOS_DEPLOYMENT_TARGET = 13.4;
				MTL_ENABLE_DEBUG_INFO = INCLUDE_SOURCE;
				MTL_FAST_MATH = YES;
				ONLY_ACTIVE_ARCH = YES;
				SDKROOT = iphoneos;
				SWIFT_ACTIVE_COMPILATION_CONDITIONS = DEBUG;
				SWIFT_OPTIMIZATION_LEVEL = "-Onone";
			};
			name = Debug;
		};
		B3D52C0A24773A5B00458A8A /* Release */ = {
			isa = XCBuildConfiguration;
			buildSettings = {
				ALWAYS_SEARCH_USER_PATHS = NO;
				CLANG_ANALYZER_NONNULL = YES;
				CLANG_ANALYZER_NUMBER_OBJECT_CONVERSION = YES_AGGRESSIVE;
				CLANG_CXX_LANGUAGE_STANDARD = "gnu++14";
				CLANG_CXX_LIBRARY = "libc++";
				CLANG_ENABLE_MODULES = YES;
				CLANG_ENABLE_OBJC_ARC = YES;
				CLANG_ENABLE_OBJC_WEAK = YES;
				CLANG_WARN_BLOCK_CAPTURE_AUTORELEASING = YES;
				CLANG_WARN_BOOL_CONVERSION = YES;
				CLANG_WARN_COMMA = YES;
				CLANG_WARN_CONSTANT_CONVERSION = YES;
				CLANG_WARN_DEPRECATED_OBJC_IMPLEMENTATIONS = YES;
				CLANG_WARN_DIRECT_OBJC_ISA_USAGE = YES_ERROR;
				CLANG_WARN_DOCUMENTATION_COMMENTS = YES;
				CLANG_WARN_EMPTY_BODY = YES;
				CLANG_WARN_ENUM_CONVERSION = YES;
				CLANG_WARN_INFINITE_RECURSION = YES;
				CLANG_WARN_INT_CONVERSION = YES;
				CLANG_WARN_NON_LITERAL_NULL_CONVERSION = YES;
				CLANG_WARN_OBJC_IMPLICIT_RETAIN_SELF = YES;
				CLANG_WARN_OBJC_LITERAL_CONVERSION = YES;
				CLANG_WARN_OBJC_ROOT_CLASS = YES_ERROR;
				CLANG_WARN_RANGE_LOOP_ANALYSIS = YES;
				CLANG_WARN_STRICT_PROTOTYPES = YES;
				CLANG_WARN_SUSPICIOUS_MOVE = YES;
				CLANG_WARN_UNGUARDED_AVAILABILITY = YES_AGGRESSIVE;
				CLANG_WARN_UNREACHABLE_CODE = YES;
				CLANG_WARN__DUPLICATE_METHOD_MATCH = YES;
				COPY_PHASE_STRIP = NO;
				DEBUG_INFORMATION_FORMAT = "dwarf-with-dsym";
				ENABLE_NS_ASSERTIONS = NO;
				ENABLE_STRICT_OBJC_MSGSEND = YES;
				GCC_C_LANGUAGE_STANDARD = gnu11;
				GCC_NO_COMMON_BLOCKS = YES;
				GCC_WARN_64_TO_32_BIT_CONVERSION = YES;
				GCC_WARN_ABOUT_RETURN_TYPE = YES_ERROR;
				GCC_WARN_UNDECLARED_SELECTOR = YES;
				GCC_WARN_UNINITIALIZED_AUTOS = YES_AGGRESSIVE;
				GCC_WARN_UNUSED_FUNCTION = YES;
				GCC_WARN_UNUSED_VARIABLE = YES;
				IPHONEOS_DEPLOYMENT_TARGET = 13.4;
				MTL_ENABLE_DEBUG_INFO = NO;
				MTL_FAST_MATH = YES;
				SDKROOT = iphoneos;
				SWIFT_COMPILATION_MODE = wholemodule;
				SWIFT_OPTIMIZATION_LEVEL = "-O";
				VALIDATE_PRODUCT = YES;
			};
			name = Release;
		};
		B3D52C0C24773A5B00458A8A /* Debug */ = {
			isa = XCBuildConfiguration;
			buildSettings = {
				ASSETCATALOG_COMPILER_APPICON_NAME = AppIcon;
				CODE_SIGN_STYLE = Automatic;
				DEVELOPMENT_TEAM = 2M7ZQ8AZ57;
				INFOPLIST_FILE = circle/Info.plist;
				LD_RUNPATH_SEARCH_PATHS = (
					"$(inherited)",
					"@executable_path/Frameworks",
				);
				PRODUCT_BUNDLE_IDENTIFIER = bivilin.circle;
				PRODUCT_NAME = respira;
				SWIFT_VERSION = 5.0;
				TARGETED_DEVICE_FAMILY = "1,2";
			};
			name = Debug;
		};
		B3D52C0D24773A5B00458A8A /* Release */ = {
			isa = XCBuildConfiguration;
			buildSettings = {
				ASSETCATALOG_COMPILER_APPICON_NAME = AppIcon;
				CODE_SIGN_STYLE = Automatic;
				DEVELOPMENT_TEAM = 2M7ZQ8AZ57;
				INFOPLIST_FILE = circle/Info.plist;
				LD_RUNPATH_SEARCH_PATHS = (
					"$(inherited)",
					"@executable_path/Frameworks",
				);
				PRODUCT_BUNDLE_IDENTIFIER = bivilin.circle;
				PRODUCT_NAME = respira;
				SWIFT_VERSION = 5.0;
				TARGETED_DEVICE_FAMILY = "1,2";
			};
			name = Release;
		};
/* End XCBuildConfiguration section */

/* Begin XCConfigurationList section */
		B3C06E5424EEF02D0033B529 /* Build configuration list for PBXNativeTarget "respiraTests" */ = {
			isa = XCConfigurationList;
			buildConfigurations = (
				B3C06E5524EEF02D0033B529 /* Debug */,
				B3C06E5624EEF02D0033B529 /* Release */,
			);
			defaultConfigurationIsVisible = 0;
			defaultConfigurationName = Release;
		};
		B3D52BEF24773A5600458A8A /* Build configuration list for PBXProject "respira" */ = {
			isa = XCConfigurationList;
			buildConfigurations = (
				B3D52C0924773A5B00458A8A /* Debug */,
				B3D52C0A24773A5B00458A8A /* Release */,
			);
			defaultConfigurationIsVisible = 0;
			defaultConfigurationName = Release;
		};
		B3D52C0B24773A5B00458A8A /* Build configuration list for PBXNativeTarget "respira" */ = {
			isa = XCConfigurationList;
			buildConfigurations = (
				B3D52C0C24773A5B00458A8A /* Debug */,
				B3D52C0D24773A5B00458A8A /* Release */,
			);
			defaultConfigurationIsVisible = 0;
			defaultConfigurationName = Release;
		};
/* End XCConfigurationList section */

/* Begin XCVersionGroup section */
		B3D52C0024773A5600458A8A /* circle.xcdatamodeld */ = {
			isa = XCVersionGroup;
			children = (
				B3D52C0124773A5600458A8A /* circle.xcdatamodel */,
			);
			currentVersion = B3D52C0124773A5600458A8A /* circle.xcdatamodel */;
			path = circle.xcdatamodeld;
			sourceTree = "<group>";
			versionGroupType = wrapper.xcdatamodel;
		};
/* End XCVersionGroup section */
	};
	rootObject = B3D52BEC24773A5600458A8A /* Project object */;
}
